
Microsoft Visual Studio Solution File, Format Version 12.00
# Visual Studio Version 17
VisualStudioVersion = 17.1.32407.343
MinimumVisualStudioVersion = 10.0.40219.1
Project("{9A19103F-16F7-4668-BE54-9A1E7A4F7556}") = "InitProject", "InitProject\InitProject.csproj", "{EF9A7E8A-0AFF-43CE-8D11-33B9990C79C2}"
EndProject
Project("{9A19103F-16F7-4668-BE54-9A1E7A4F7556}") = "ServiceLayer", "ServiceLayer\ServiceLayer.csproj", "{48E320CF-0CFB-4CA9-82E8-E819E03BE4EE}"
EndProject
Project("{9A19103F-16F7-4668-BE54-9A1E7A4F7556}") = "DataLayer", "DataLayer\DataLayer.csproj", "{4308C6F4-351E-4E84-A96F-9276BB21E9C5}"
EndProject
Project("{FAE04EC0-301F-11D3-BF4B-00C04F79EFBC}") = "TestProject1", "TestProject1\TestProject1.csproj", "{D54F6B73-761C-43F9-852B-2B4924E0E995}"
EndProject
Global
	GlobalSection(SolutionConfigurationPlatforms) = preSolution
		Debug|Any CPU = Debug|Any CPU
		Release|Any CPU = Release|Any CPU
	EndGlobalSection
	GlobalSection(ProjectConfigurationPlatforms) = postSolution
		{EF9A7E8A-0AFF-43CE-8D11-33B9990C79C2}.Debug|Any CPU.ActiveCfg = Debug|Any CPU
		{EF9A7E8A-0AFF-43CE-8D11-33B9990C79C2}.Debug|Any CPU.Build.0 = Debug|Any CPU
		{EF9A7E8A-0AFF-43CE-8D11-33B9990C79C2}.Release|Any CPU.ActiveCfg = Release|Any CPU
		{EF9A7E8A-0AFF-43CE-8D11-33B9990C79C2}.Release|Any CPU.Build.0 = Release|Any CPU
		{48E320CF-0CFB-4CA9-82E8-E819E03BE4EE}.Debug|Any CPU.ActiveCfg = Debug|Any CPU
		{48E320CF-0CFB-4CA9-82E8-E819E03BE4EE}.Debug|Any CPU.Build.0 = Debug|Any CPU
		{48E320CF-0CFB-4CA9-82E8-E819E03BE4EE}.Release|Any CPU.ActiveCfg = Release|Any CPU
		{48E320CF-0CFB-4CA9-82E8-E819E03BE4EE}.Release|Any CPU.Build.0 = Release|Any CPU
		{4308C6F4-351E-4E84-A96F-9276BB21E9C5}.Debug|Any CPU.ActiveCfg = Debug|Any CPU
		{4308C6F4-351E-4E84-A96F-9276BB21E9C5}.Debug|Any CPU.Build.0 = Debug|Any CPU
		{4308C6F4-351E-4E84-A96F-9276BB21E9C5}.Release|Any CPU.ActiveCfg = Release|Any CPU
		{4308C6F4-351E-4E84-A96F-9276BB21E9C5}.Release|Any CPU.Build.0 = Release|Any CPU
		{D54F6B73-761C-43F9-852B-2B4924E0E995}.Debug|Any CPU.ActiveCfg = Debug|Any CPU
		{D54F6B73-761C-43F9-852B-2B4924E0E995}.Debug|Any CPU.Build.0 = Debug|Any CPU
		{D54F6B73-761C-43F9-852B-2B4924E0E995}.Release|Any CPU.ActiveCfg = Release|Any CPU
		{D54F6B73-761C-43F9-852B-2B4924E0E995}.Release|Any CPU.Build.0 = Release|Any CPU
	EndGlobalSection
	GlobalSection(SolutionProperties) = preSolution
		HideSolutionNode = FALSE
	EndGlobalSection
	GlobalSection(ExtensibilityGlobals) = postSolution
		SolutionGuid = {A5FE1B12-A872-4B5D-8615-D979015A0971}
	EndGlobalSection
EndGlobal
